
Microsoft Visual Studio Solution File, Format Version 12.00
# Visual Studio Version 16
VisualStudioVersion = 16.0.30523.141
MinimumVisualStudioVersion = 10.0.40219.1
Project("{FAE04EC0-301F-11D3-BF4B-00C04F79EFBC}") = "lab 1", "lab 1\lab 1.csproj", "{8DF0CAB0-F897-4149-BD19-8E7A75D1E202}"
EndProject
Global
	GlobalSection(SolutionConfigurationPlatforms) = preSolution
		Debug|Any CPU = Debug|Any CPU
		Release|Any CPU = Release|Any CPU
	EndGlobalSection
	GlobalSection(ProjectConfigurationPlatforms) = postSolution
		{8DF0CAB0-F897-4149-BD19-8E7A75D1E202}.Debug|Any CPU.ActiveCfg = Debug|Any CPU
		{8DF0CAB0-F897-4149-BD19-8E7A75D1E202}.Debug|Any CPU.Build.0 = Debug|Any CPU
		{8DF0CAB0-F897-4149-BD19-8E7A75D1E202}.Release|Any CPU.ActiveCfg = Release|Any CPU
		{8DF0CAB0-F897-4149-BD19-8E7A75D1E202}.Release|Any CPU.Build.0 = Release|Any CPU
	EndGlobalSection
	GlobalSection(SolutionProperties) = preSolution
		HideSolutionNode = FALSE
	EndGlobalSection
	GlobalSection(ExtensibilityGlobals) = postSolution
		SolutionGuid = {A3A64336-7613-4DEE-8395-AA4ABFD77AC3}
	EndGlobalSection
EndGlobal
