
Microsoft Visual Studio Solution File, Format Version 12.00
# Visual Studio Version 16
VisualStudioVersion = 16.0.30523.141
MinimumVisualStudioVersion = 10.0.40219.1
Project("{FAE04EC0-301F-11D3-BF4B-00C04F79EFBC}") = "User Form", "User Form\User Form.csproj", "{707355B4-A1EF-48DB-ABDD-A84CC11C29BA}"
EndProject
Global
	GlobalSection(SolutionConfigurationPlatforms) = preSolution
		Debug|Any CPU = Debug|Any CPU
		Release|Any CPU = Release|Any CPU
	EndGlobalSection
	GlobalSection(ProjectConfigurationPlatforms) = postSolution
		{707355B4-A1EF-48DB-ABDD-A84CC11C29BA}.Debug|Any CPU.ActiveCfg = Debug|Any CPU
		{707355B4-A1EF-48DB-ABDD-A84CC11C29BA}.Debug|Any CPU.Build.0 = Debug|Any CPU
		{707355B4-A1EF-48DB-ABDD-A84CC11C29BA}.Release|Any CPU.ActiveCfg = Release|Any CPU
		{707355B4-A1EF-48DB-ABDD-A84CC11C29BA}.Release|Any CPU.Build.0 = Release|Any CPU
	EndGlobalSection
	GlobalSection(SolutionProperties) = preSolution
		HideSolutionNode = FALSE
	EndGlobalSection
	GlobalSection(ExtensibilityGlobals) = postSolution
		SolutionGuid = {C30A648E-D2DB-4595-A972-4A1D72CB3F52}
	EndGlobalSection
EndGlobal
