
Microsoft Visual Studio Solution File, Format Version 12.00
# Visual Studio Version 16
VisualStudioVersion = 16.0.30523.141
MinimumVisualStudioVersion = 10.0.40219.1
Project("{FAE04EC0-301F-11D3-BF4B-00C04F79EFBC}") = "lab2", "lab2\lab2.csproj", "{64000CC9-0837-4EB7-82E3-F14294F0A7CB}"
EndProject
Global
	GlobalSection(SolutionConfigurationPlatforms) = preSolution
		Debug|Any CPU = Debug|Any CPU
		Release|Any CPU = Release|Any CPU
	EndGlobalSection
	GlobalSection(ProjectConfigurationPlatforms) = postSolution
		{64000CC9-0837-4EB7-82E3-F14294F0A7CB}.Debug|Any CPU.ActiveCfg = Debug|Any CPU
		{64000CC9-0837-4EB7-82E3-F14294F0A7CB}.Debug|Any CPU.Build.0 = Debug|Any CPU
		{64000CC9-0837-4EB7-82E3-F14294F0A7CB}.Release|Any CPU.ActiveCfg = Release|Any CPU
		{64000CC9-0837-4EB7-82E3-F14294F0A7CB}.Release|Any CPU.Build.0 = Release|Any CPU
	EndGlobalSection
	GlobalSection(SolutionProperties) = preSolution
		HideSolutionNode = FALSE
	EndGlobalSection
	GlobalSection(ExtensibilityGlobals) = postSolution
		SolutionGuid = {32E07FD1-57A9-4751-9C44-56C0C1E5627E}
	EndGlobalSection
EndGlobal
